
Microsoft Visual Studio Solution File, Format Version 12.00
# Visual Studio Version 17
VisualStudioVersion = 17.1.32210.238
MinimumVisualStudioVersion = 10.0.40219.1
Project("{9A19103F-16F7-4668-BE54-9A1E7A4F7556}") = "Cko.PaymentGateway.Core", "Cko.PaymentGateway.Core\Cko.PaymentGateway.Core.csproj", "{23BEAED1-3B05-4AB9-BF80-7EFF228D1FF3}"
EndProject
Project("{9A19103F-16F7-4668-BE54-9A1E7A4F7556}") = "Cko.PaymentGateway.Data", "Cko.PaymentGateway.Data\Cko.PaymentGateway.Data.csproj", "{ED35B7C5-0361-484D-A0CE-0B1629A13BFE}"
EndProject
Project("{9A19103F-16F7-4668-BE54-9A1E7A4F7556}") = "Cko.PaymentGateway.Data.UnitTests", "Cko.PaymentGateway.UnitTests\Cko.PaymentGateway.Data.UnitTests.csproj", "{78A8CD0D-F4BE-46F2-89FD-D1D15EEC068B}"
EndProject
Project("{9A19103F-16F7-4668-BE54-9A1E7A4F7556}") = "Cko.PaymentGateway.Service", "Cko.PaymentGateway.Service\Cko.PaymentGateway.Service.csproj", "{806B21D8-D418-4185-A4A8-12D1D2D315F2}"
EndProject
Project("{9A19103F-16F7-4668-BE54-9A1E7A4F7556}") = "Cko.PaymentGateway.Service.UnitTests", "Cko.PaymentGateway.Service.UnitTests\Cko.PaymentGateway.Service.UnitTests.csproj", "{AFDC85B6-5D0F-4D3C-8F6F-5B147E6D6BC3}"
EndProject
Project("{9A19103F-16F7-4668-BE54-9A1E7A4F7556}") = "Cko.BankSimulator", "Cko.BankSimulator\Cko.BankSimulator.csproj", "{B3F89284-45C8-47F4-9207-D2B5EFEA4210}"
EndProject
Project("{9A19103F-16F7-4668-BE54-9A1E7A4F7556}") = "Cko.PaymentGateway.WebApi", "Cko.PaymentGateway.WebApi\Cko.PaymentGateway.WebApi.csproj", "{A0721DC5-82DD-4126-910C-E02103AA0BF8}"
EndProject
Project("{9A19103F-16F7-4668-BE54-9A1E7A4F7556}") = "Cko.PaymentGateway.WebApi.UnitTests", "Cko.PaymentGateway.WebApi.UnitTests\Cko.PaymentGateway.WebApi.UnitTests.csproj", "{B2B655CD-E963-414A-93CF-3A4F0FB3A70C}"
EndProject
Project("{E53339B2-1760-4266-BCC7-CA923CBCF16C}") = "docker-compose", "docker-compose.dcproj", "{F020AC96-2DD4-4DE2-8FE8-614264323656}"
EndProject
Global
	GlobalSection(SolutionConfigurationPlatforms) = preSolution
		Debug|Any CPU = Debug|Any CPU
		Release|Any CPU = Release|Any CPU
	EndGlobalSection
	GlobalSection(ProjectConfigurationPlatforms) = postSolution
		{23BEAED1-3B05-4AB9-BF80-7EFF228D1FF3}.Debug|Any CPU.ActiveCfg = Debug|Any CPU
		{23BEAED1-3B05-4AB9-BF80-7EFF228D1FF3}.Debug|Any CPU.Build.0 = Debug|Any CPU
		{23BEAED1-3B05-4AB9-BF80-7EFF228D1FF3}.Release|Any CPU.ActiveCfg = Release|Any CPU
		{23BEAED1-3B05-4AB9-BF80-7EFF228D1FF3}.Release|Any CPU.Build.0 = Release|Any CPU
		{ED35B7C5-0361-484D-A0CE-0B1629A13BFE}.Debug|Any CPU.ActiveCfg = Debug|Any CPU
		{ED35B7C5-0361-484D-A0CE-0B1629A13BFE}.Debug|Any CPU.Build.0 = Debug|Any CPU
		{ED35B7C5-0361-484D-A0CE-0B1629A13BFE}.Release|Any CPU.ActiveCfg = Release|Any CPU
		{ED35B7C5-0361-484D-A0CE-0B1629A13BFE}.Release|Any CPU.Build.0 = Release|Any CPU
		{78A8CD0D-F4BE-46F2-89FD-D1D15EEC068B}.Debug|Any CPU.ActiveCfg = Debug|Any CPU
		{78A8CD0D-F4BE-46F2-89FD-D1D15EEC068B}.Debug|Any CPU.Build.0 = Debug|Any CPU
		{78A8CD0D-F4BE-46F2-89FD-D1D15EEC068B}.Release|Any CPU.ActiveCfg = Release|Any CPU
		{78A8CD0D-F4BE-46F2-89FD-D1D15EEC068B}.Release|Any CPU.Build.0 = Release|Any CPU
		{806B21D8-D418-4185-A4A8-12D1D2D315F2}.Debug|Any CPU.ActiveCfg = Debug|Any CPU
		{806B21D8-D418-4185-A4A8-12D1D2D315F2}.Debug|Any CPU.Build.0 = Debug|Any CPU
		{806B21D8-D418-4185-A4A8-12D1D2D315F2}.Release|Any CPU.ActiveCfg = Release|Any CPU
		{806B21D8-D418-4185-A4A8-12D1D2D315F2}.Release|Any CPU.Build.0 = Release|Any CPU
		{AFDC85B6-5D0F-4D3C-8F6F-5B147E6D6BC3}.Debug|Any CPU.ActiveCfg = Debug|Any CPU
		{AFDC85B6-5D0F-4D3C-8F6F-5B147E6D6BC3}.Debug|Any CPU.Build.0 = Debug|Any CPU
		{AFDC85B6-5D0F-4D3C-8F6F-5B147E6D6BC3}.Release|Any CPU.ActiveCfg = Release|Any CPU
		{AFDC85B6-5D0F-4D3C-8F6F-5B147E6D6BC3}.Release|Any CPU.Build.0 = Release|Any CPU
		{B3F89284-45C8-47F4-9207-D2B5EFEA4210}.Debug|Any CPU.ActiveCfg = Debug|Any CPU
		{B3F89284-45C8-47F4-9207-D2B5EFEA4210}.Debug|Any CPU.Build.0 = Debug|Any CPU
		{B3F89284-45C8-47F4-9207-D2B5EFEA4210}.Release|Any CPU.ActiveCfg = Release|Any CPU
		{B3F89284-45C8-47F4-9207-D2B5EFEA4210}.Release|Any CPU.Build.0 = Release|Any CPU
		{A0721DC5-82DD-4126-910C-E02103AA0BF8}.Debug|Any CPU.ActiveCfg = Debug|Any CPU
		{A0721DC5-82DD-4126-910C-E02103AA0BF8}.Debug|Any CPU.Build.0 = Debug|Any CPU
		{A0721DC5-82DD-4126-910C-E02103AA0BF8}.Release|Any CPU.ActiveCfg = Release|Any CPU
		{A0721DC5-82DD-4126-910C-E02103AA0BF8}.Release|Any CPU.Build.0 = Release|Any CPU
		{B2B655CD-E963-414A-93CF-3A4F0FB3A70C}.Debug|Any CPU.ActiveCfg = Debug|Any CPU
		{B2B655CD-E963-414A-93CF-3A4F0FB3A70C}.Debug|Any CPU.Build.0 = Debug|Any CPU
		{B2B655CD-E963-414A-93CF-3A4F0FB3A70C}.Release|Any CPU.ActiveCfg = Release|Any CPU
		{B2B655CD-E963-414A-93CF-3A4F0FB3A70C}.Release|Any CPU.Build.0 = Release|Any CPU
		{F020AC96-2DD4-4DE2-8FE8-614264323656}.Debug|Any CPU.ActiveCfg = Debug|Any CPU
		{F020AC96-2DD4-4DE2-8FE8-614264323656}.Debug|Any CPU.Build.0 = Debug|Any CPU
		{F020AC96-2DD4-4DE2-8FE8-614264323656}.Release|Any CPU.ActiveCfg = Release|Any CPU
		{F020AC96-2DD4-4DE2-8FE8-614264323656}.Release|Any CPU.Build.0 = Release|Any CPU
	EndGlobalSection
	GlobalSection(SolutionProperties) = preSolution
		HideSolutionNode = FALSE
	EndGlobalSection
	GlobalSection(ExtensibilityGlobals) = postSolution
		SolutionGuid = {C080481D-4F66-4D6A-B97E-A92D2A2E2491}
	EndGlobalSection
EndGlobal
